
Microsoft Visual Studio Solution File, Format Version 12.00
# Visual Studio Version 17
VisualStudioVersion = 17.1.32414.318
MinimumVisualStudioVersion = 10.0.40219.1
Project("{2150E333-8FDC-42A3-9474-1A3956D46DE8}") = "Solution Items", "Solution Items", "{DB1A02F9-B9D0-4FCA-BE56-E582B399272D}"
	ProjectSection(SolutionItems) = preProject
		.gitignore = .gitignore
		build-nupkg.bat = build-nupkg.bat
		build-nupkg.sh = build-nupkg.sh
		.github\workflows\build.yaml = .github\workflows\build.yaml
		Directory.Build.props = Directory.Build.props
		LICENSE = LICENSE
		NuGet.Config = NuGet.Config
		README.md = README.md
	EndProjectSection
EndProject
Project("{9A19103F-16F7-4668-BE54-9A1E7A4F7556}") = "Lepracaun", "Lepracaun\Lepracaun.csproj", "{D16EFA11-DECC-45F3-8FA1-1E27FB740E7C}"
EndProject
Project("{9A19103F-16F7-4668-BE54-9A1E7A4F7556}") = "Lepracaun.Tests", "Lepracaun.Tests\Lepracaun.Tests.csproj", "{211F15CC-7819-486F-A5DB-233935A2C8D2}"
EndProject
Global
	GlobalSection(SolutionConfigurationPlatforms) = preSolution
		Debug|Any CPU = Debug|Any CPU
		Release|Any CPU = Release|Any CPU
	EndGlobalSection
	GlobalSection(ProjectConfigurationPlatforms) = postSolution
		{D16EFA11-DECC-45F3-8FA1-1E27FB740E7C}.Debug|Any CPU.ActiveCfg = Debug|Any CPU
		{D16EFA11-DECC-45F3-8FA1-1E27FB740E7C}.Debug|Any CPU.Build.0 = Debug|Any CPU
		{D16EFA11-DECC-45F3-8FA1-1E27FB740E7C}.Release|Any CPU.ActiveCfg = Release|Any CPU
		{D16EFA11-DECC-45F3-8FA1-1E27FB740E7C}.Release|Any CPU.Build.0 = Release|Any CPU
		{211F15CC-7819-486F-A5DB-233935A2C8D2}.Debug|Any CPU.ActiveCfg = Debug|Any CPU
		{211F15CC-7819-486F-A5DB-233935A2C8D2}.Debug|Any CPU.Build.0 = Debug|Any CPU
		{211F15CC-7819-486F-A5DB-233935A2C8D2}.Release|Any CPU.ActiveCfg = Release|Any CPU
		{211F15CC-7819-486F-A5DB-233935A2C8D2}.Release|Any CPU.Build.0 = Release|Any CPU
	EndGlobalSection
	GlobalSection(SolutionProperties) = preSolution
		HideSolutionNode = FALSE
	EndGlobalSection
	GlobalSection(ExtensibilityGlobals) = postSolution
		SolutionGuid = {3F5AF3C2-2CAC-40BB-9AC9-924698AD329F}
	EndGlobalSection
EndGlobal
